// !$*UTF8*$!
{
	archiveVersion = 1;
	classes = {
	};
	objectVersion = 56;
	objects = {

/* Begin PBXBuildFile section */
		5A5F12DD2BC04E07002B197F /* PetPixApp.swift in Sources */ = {isa = PBXBuildFile; fileRef = 5A5F12DC2BC04E07002B197F /* PetPixApp.swift */; };
		5A5F12DF2BC04E07002B197F /* ContentView.swift in Sources */ = {isa = PBXBuildFile; fileRef = 5A5F12DE2BC04E07002B197F /* ContentView.swift */; };
		5A5F12E12BC04E09002B197F /* Assets.xcassets in Resources */ = {isa = PBXBuildFile; fileRef = 5A5F12E02BC04E09002B197F /* Assets.xcassets */; };
		5A5F12E42BC04E09002B197F /* Preview Assets.xcassets in Resources */ = {isa = PBXBuildFile; fileRef = 5A5F12E32BC04E09002B197F /* Preview Assets.xcassets */; };
		5A5F12EB2BC04EC2002B197F /* LoginView.swift in Sources */ = {isa = PBXBuildFile; fileRef = 5A5F12EA2BC04EC2002B197F /* LoginView.swift */; };
		5A5F12ED2BC04FF8002B197F /* HomeScreen.swift in Sources */ = {isa = PBXBuildFile; fileRef = 5A5F12EC2BC04FF8002B197F /* HomeScreen.swift */; };
		5A5F12F52BC0525B002B197F /* AuthenticationManager.swift in Sources */ = {isa = PBXBuildFile; fileRef = 5A5F12F42BC0525B002B197F /* AuthenticationManager.swift */; };
		C4361EF02BC1AB1A008FFB0D /* SearchView.swift in Sources */ = {isa = PBXBuildFile; fileRef = C4361EEF2BC1AB1A008FFB0D /* SearchView.swift */; };
		C4361EF22BC1ACFC008FFB0D /* Post.swift in Sources */ = {isa = PBXBuildFile; fileRef = C4361EF12BC1ACFC008FFB0D /* Post.swift */; };
		C4361EF82BC1AE86008FFB0D /* ParseSwift in Frameworks */ = {isa = PBXBuildFile; productRef = C4361EF72BC1AE86008FFB0D /* ParseSwift */; };
		C4361F002BC1B81A008FFB0D /* Alamofire in Frameworks */ = {isa = PBXBuildFile; productRef = C4361EFF2BC1B81A008FFB0D /* Alamofire */; };
		C4361F022BC1B81A008FFB0D /* AlamofireDynamic in Frameworks */ = {isa = PBXBuildFile; productRef = C4361F012BC1B81A008FFB0D /* AlamofireDynamic */; };
		C4361F082BC1BCDF008FFB0D /* AlamofireImage in Frameworks */ = {isa = PBXBuildFile; productRef = C4361F072BC1BCDF008FFB0D /* AlamofireImage */; };
		C4361F0F2BC1C7C0008FFB0D /* PostView.swift in Sources */ = {isa = PBXBuildFile; fileRef = C4361F0E2BC1C7C0008FFB0D /* PostView.swift */; };
/* End PBXBuildFile section */

/* Begin PBXFileReference section */
		5A5F12D92BC04E07002B197F /* PetPix.app */ = {isa = PBXFileReference; explicitFileType = wrapper.application; includeInIndex = 0; path = PetPix.app; sourceTree = BUILT_PRODUCTS_DIR; };
		5A5F12DC2BC04E07002B197F /* PetPixApp.swift */ = {isa = PBXFileReference; lastKnownFileType = sourcecode.swift; path = PetPixApp.swift; sourceTree = "<group>"; };
		5A5F12DE2BC04E07002B197F /* ContentView.swift */ = {isa = PBXFileReference; lastKnownFileType = sourcecode.swift; path = ContentView.swift; sourceTree = "<group>"; };
		5A5F12E02BC04E09002B197F /* Assets.xcassets */ = {isa = PBXFileReference; lastKnownFileType = folder.assetcatalog; path = Assets.xcassets; sourceTree = "<group>"; };
		5A5F12E32BC04E09002B197F /* Preview Assets.xcassets */ = {isa = PBXFileReference; lastKnownFileType = folder.assetcatalog; path = "Preview Assets.xcassets"; sourceTree = "<group>"; };
		5A5F12EA2BC04EC2002B197F /* LoginView.swift */ = {isa = PBXFileReference; lastKnownFileType = sourcecode.swift; path = LoginView.swift; sourceTree = "<group>"; };
		5A5F12EC2BC04FF8002B197F /* HomeScreen.swift */ = {isa = PBXFileReference; lastKnownFileType = sourcecode.swift; path = HomeScreen.swift; sourceTree = "<group>"; };
		5A5F12F42BC0525B002B197F /* AuthenticationManager.swift */ = {isa = PBXFileReference; lastKnownFileType = sourcecode.swift; path = AuthenticationManager.swift; sourceTree = "<group>"; };
		C4361EEF2BC1AB1A008FFB0D /* SearchView.swift */ = {isa = PBXFileReference; lastKnownFileType = sourcecode.swift; path = SearchView.swift; sourceTree = "<group>"; };
		C4361EF12BC1ACFC008FFB0D /* Post.swift */ = {isa = PBXFileReference; lastKnownFileType = sourcecode.swift; path = Post.swift; sourceTree = "<group>"; };
		C4361F0E2BC1C7C0008FFB0D /* PostView.swift */ = {isa = PBXFileReference; lastKnownFileType = sourcecode.swift; path = PostView.swift; sourceTree = "<group>"; };
/* End PBXFileReference section */

/* Begin PBXFrameworksBuildPhase section */
		5A5F12D62BC04E07002B197F /* Frameworks */ = {
			isa = PBXFrameworksBuildPhase;
			buildActionMask = 2147483647;
			files = (
				C4361EF82BC1AE86008FFB0D /* ParseSwift in Frameworks */,
				C4361F082BC1BCDF008FFB0D /* AlamofireImage in Frameworks */,
				C4361F022BC1B81A008FFB0D /* AlamofireDynamic in Frameworks */,
				C4361F002BC1B81A008FFB0D /* Alamofire in Frameworks */,
			);
			runOnlyForDeploymentPostprocessing = 0;
		};
/* End PBXFrameworksBuildPhase section */

/* Begin PBXGroup section */
		5A5F12D02BC04E07002B197F = {
			isa = PBXGroup;
			children = (
				5A5F12DB2BC04E07002B197F /* PetPix */,
				5A5F12DA2BC04E07002B197F /* Products */,
			);
			sourceTree = "<group>";
		};
		5A5F12DA2BC04E07002B197F /* Products */ = {
			isa = PBXGroup;
			children = (
				5A5F12D92BC04E07002B197F /* PetPix.app */,
			);
			name = Products;
			sourceTree = "<group>";
		};
		5A5F12DB2BC04E07002B197F /* PetPix */ = {
			isa = PBXGroup;
			children = (
				5A5F12DC2BC04E07002B197F /* PetPixApp.swift */,
				5A5F12F42BC0525B002B197F /* AuthenticationManager.swift */,
				C4361EF32BC1AD95008FFB0D /* Models */,
				C4361F092BC1C257008FFB0D /* Login */,
				C4361F0A2BC1C272008FFB0D /* Search */,
				C4361F0B2BC1C296008FFB0D /* Post */,
				C4361EFA2BC1B5B9008FFB0D /* Views */,
				5A5F12E02BC04E09002B197F /* Assets.xcassets */,
				5A5F12E22BC04E09002B197F /* Preview Content */,
			);
			path = PetPix;
			sourceTree = "<group>";
		};
		5A5F12E22BC04E09002B197F /* Preview Content */ = {
			isa = PBXGroup;
			children = (
				5A5F12E32BC04E09002B197F /* Preview Assets.xcassets */,
			);
			path = "Preview Content";
			sourceTree = "<group>";
		};
		C4361EF32BC1AD95008FFB0D /* Models */ = {
			isa = PBXGroup;
			children = (
				C4361EF12BC1ACFC008FFB0D /* Post.swift */,
			);
			path = Models;
			sourceTree = "<group>";
		};
		C4361EFA2BC1B5B9008FFB0D /* Views */ = {
			isa = PBXGroup;
			children = (
				5A5F12DE2BC04E07002B197F /* ContentView.swift */,
				5A5F12EC2BC04FF8002B197F /* HomeScreen.swift */,
			);
			path = Views;
			sourceTree = "<group>";
		};
		C4361F092BC1C257008FFB0D /* Login */ = {
			isa = PBXGroup;
			children = (
				5A5F12EA2BC04EC2002B197F /* LoginView.swift */,
			);
			path = Login;
			sourceTree = "<group>";
		};
		C4361F0A2BC1C272008FFB0D /* Search */ = {
			isa = PBXGroup;
			children = (
				C4361EEF2BC1AB1A008FFB0D /* SearchView.swift */,
			);
			path = Search;
			sourceTree = "<group>";
		};
		C4361F0B2BC1C296008FFB0D /* Post */ = {
			isa = PBXGroup;
			children = (
				C4361F0E2BC1C7C0008FFB0D /* PostView.swift */,
			);
			path = Post;
			sourceTree = "<group>";
		};
/* End PBXGroup section */

/* Begin PBXNativeTarget section */
		5A5F12D82BC04E07002B197F /* PetPix */ = {
			isa = PBXNativeTarget;
			buildConfigurationList = 5A5F12E72BC04E09002B197F /* Build configuration list for PBXNativeTarget "PetPix" */;
			buildPhases = (
				5A5F12D52BC04E07002B197F /* Sources */,
				5A5F12D62BC04E07002B197F /* Frameworks */,
				5A5F12D72BC04E07002B197F /* Resources */,
			);
			buildRules = (
			);
			dependencies = (
			);
			name = PetPix;
			packageProductDependencies = (
				C4361EF72BC1AE86008FFB0D /* ParseSwift */,
				C4361EFF2BC1B81A008FFB0D /* Alamofire */,
				C4361F012BC1B81A008FFB0D /* AlamofireDynamic */,
				C4361F072BC1BCDF008FFB0D /* AlamofireImage */,
			);
			productName = PetPix;
			productReference = 5A5F12D92BC04E07002B197F /* PetPix.app */;
			productType = "com.apple.product-type.application";
		};
/* End PBXNativeTarget section */

/* Begin PBXProject section */
		5A5F12D12BC04E07002B197F /* Project object */ = {
			isa = PBXProject;
			attributes = {
				BuildIndependentTargetsInParallel = 1;
				LastSwiftUpdateCheck = 1530;
				LastUpgradeCheck = 1530;
				TargetAttributes = {
					5A5F12D82BC04E07002B197F = {
						CreatedOnToolsVersion = 15.3;
					};
				};
			};
			buildConfigurationList = 5A5F12D42BC04E07002B197F /* Build configuration list for PBXProject "PetPix" */;
			compatibilityVersion = "Xcode 14.0";
			developmentRegion = en;
			hasScannedForEncodings = 0;
			knownRegions = (
				en,
				Base,
			);
			mainGroup = 5A5F12D02BC04E07002B197F;
			packageReferences = (
				C4361EF62BC1AE86008FFB0D /* XCRemoteSwiftPackageReference "Parse-Swift" */,
				C4361EFE2BC1B81A008FFB0D /* XCRemoteSwiftPackageReference "Alamofire" */,
				C4361F062BC1BCDF008FFB0D /* XCRemoteSwiftPackageReference "AlamofireImage" */,
			);
			productRefGroup = 5A5F12DA2BC04E07002B197F /* Products */;
			projectDirPath = "";
			projectRoot = "";
			targets = (
				5A5F12D82BC04E07002B197F /* PetPix */,
			);
		};
/* End PBXProject section */

/* Begin PBXResourcesBuildPhase section */
		5A5F12D72BC04E07002B197F /* Resources */ = {
			isa = PBXResourcesBuildPhase;
			buildActionMask = 2147483647;
			files = (
				5A5F12E42BC04E09002B197F /* Preview Assets.xcassets in Resources */,
				5A5F12E12BC04E09002B197F /* Assets.xcassets in Resources */,
			);
			runOnlyForDeploymentPostprocessing = 0;
		};
/* End PBXResourcesBuildPhase section */

/* Begin PBXSourcesBuildPhase section */
		5A5F12D52BC04E07002B197F /* Sources */ = {
			isa = PBXSourcesBuildPhase;
			buildActionMask = 2147483647;
			files = (
				5A5F12ED2BC04FF8002B197F /* HomeScreen.swift in Sources */,
				5A5F12EB2BC04EC2002B197F /* LoginView.swift in Sources */,
				5A5F12DF2BC04E07002B197F /* ContentView.swift in Sources */,
				C4361EF02BC1AB1A008FFB0D /* SearchView.swift in Sources */,
				5A5F12F52BC0525B002B197F /* AuthenticationManager.swift in Sources */,
				C4361EF22BC1ACFC008FFB0D /* Post.swift in Sources */,
				5A5F12DD2BC04E07002B197F /* PetPixApp.swift in Sources */,
				C4361F0F2BC1C7C0008FFB0D /* PostView.swift in Sources */,
			);
			runOnlyForDeploymentPostprocessing = 0;
		};
/* End PBXSourcesBuildPhase section */

/* Begin XCBuildConfiguration section */
		5A5F12E52BC04E09002B197F /* Debug */ = {
			isa = XCBuildConfiguration;
			buildSettings = {
				ALWAYS_SEARCH_USER_PATHS = NO;
				ASSETCATALOG_COMPILER_GENERATE_SWIFT_ASSET_SYMBOL_EXTENSIONS = YES;
				CLANG_ANALYZER_NONNULL = YES;
				CLANG_ANALYZER_NUMBER_OBJECT_CONVERSION = YES_AGGRESSIVE;
				CLANG_CXX_LANGUAGE_STANDARD = "gnu++20";
				CLANG_ENABLE_MODULES = YES;
				CLANG_ENABLE_OBJC_ARC = YES;
				CLANG_ENABLE_OBJC_WEAK = YES;
				CLANG_WARN_BLOCK_CAPTURE_AUTORELEASING = YES;
				CLANG_WARN_BOOL_CONVERSION = YES;
				CLANG_WARN_COMMA = YES;
				CLANG_WARN_CONSTANT_CONVERSION = YES;
				CLANG_WARN_DEPRECATED_OBJC_IMPLEMENTATIONS = YES;
				CLANG_WARN_DIRECT_OBJC_ISA_USAGE = YES_ERROR;
				CLANG_WARN_DOCUMENTATION_COMMENTS = YES;
				CLANG_WARN_EMPTY_BODY = YES;
				CLANG_WARN_ENUM_CONVERSION = YES;
				CLANG_WARN_INFINITE_RECURSION = YES;
				CLANG_WARN_INT_CONVERSION = YES;
				CLANG_WARN_NON_LITERAL_NULL_CONVERSION = YES;
				CLANG_WARN_OBJC_IMPLICIT_RETAIN_SELF = YES;
				CLANG_WARN_OBJC_LITERAL_CONVERSION = YES;
				CLANG_WARN_OBJC_ROOT_CLASS = YES_ERROR;
				CLANG_WARN_QUOTED_INCLUDE_IN_FRAMEWORK_HEADER = YES;
				CLANG_WARN_RANGE_LOOP_ANALYSIS = YES;
				CLANG_WARN_STRICT_PROTOTYPES = YES;
				CLANG_WARN_SUSPICIOUS_MOVE = YES;
				CLANG_WARN_UNGUARDED_AVAILABILITY = YES_AGGRESSIVE;
				CLANG_WARN_UNREACHABLE_CODE = YES;
				CLANG_WARN__DUPLICATE_METHOD_MATCH = YES;
				COPY_PHASE_STRIP = NO;
				DEBUG_INFORMATION_FORMAT = dwarf;
				ENABLE_STRICT_OBJC_MSGSEND = YES;
				ENABLE_TESTABILITY = YES;
				ENABLE_USER_SCRIPT_SANDBOXING = YES;
				GCC_C_LANGUAGE_STANDARD = gnu17;
				GCC_DYNAMIC_NO_PIC = NO;
				GCC_NO_COMMON_BLOCKS = YES;
				GCC_OPTIMIZATION_LEVEL = 0;
				GCC_PREPROCESSOR_DEFINITIONS = (
					"DEBUG=1",
					"$(inherited)",
				);
				GCC_WARN_64_TO_32_BIT_CONVERSION = YES;
				GCC_WARN_ABOUT_RETURN_TYPE = YES_ERROR;
				GCC_WARN_UNDECLARED_SELECTOR = YES;
				GCC_WARN_UNINITIALIZED_AUTOS = YES_AGGRESSIVE;
				GCC_WARN_UNUSED_FUNCTION = YES;
				GCC_WARN_UNUSED_VARIABLE = YES;
				IPHONEOS_DEPLOYMENT_TARGET = 17.4;
				LOCALIZATION_PREFERS_STRING_CATALOGS = YES;
				MTL_ENABLE_DEBUG_INFO = INCLUDE_SOURCE;
				MTL_FAST_MATH = YES;
				ONLY_ACTIVE_ARCH = YES;
				SDKROOT = iphoneos;
				SWIFT_ACTIVE_COMPILATION_CONDITIONS = "DEBUG $(inherited)";
				SWIFT_OPTIMIZATION_LEVEL = "-Onone";
			};
			name = Debug;
		};
		5A5F12E62BC04E09002B197F /* Release */ = {
			isa = XCBuildConfiguration;
			buildSettings = {
				ALWAYS_SEARCH_USER_PATHS = NO;
				ASSETCATALOG_COMPILER_GENERATE_SWIFT_ASSET_SYMBOL_EXTENSIONS = YES;
				CLANG_ANALYZER_NONNULL = YES;
				CLANG_ANALYZER_NUMBER_OBJECT_CONVERSION = YES_AGGRESSIVE;
				CLANG_CXX_LANGUAGE_STANDARD = "gnu++20";
				CLANG_ENABLE_MODULES = YES;
				CLANG_ENABLE_OBJC_ARC = YES;
				CLANG_ENABLE_OBJC_WEAK = YES;
				CLANG_WARN_BLOCK_CAPTURE_AUTORELEASING = YES;
				CLANG_WARN_BOOL_CONVERSION = YES;
				CLANG_WARN_COMMA = YES;
				CLANG_WARN_CONSTANT_CONVERSION = YES;
				CLANG_WARN_DEPRECATED_OBJC_IMPLEMENTATIONS = YES;
				CLANG_WARN_DIRECT_OBJC_ISA_USAGE = YES_ERROR;
				CLANG_WARN_DOCUMENTATION_COMMENTS = YES;
				CLANG_WARN_EMPTY_BODY = YES;
				CLANG_WARN_ENUM_CONVERSION = YES;
				CLANG_WARN_INFINITE_RECURSION = YES;
				CLANG_WARN_INT_CONVERSION = YES;
				CLANG_WARN_NON_LITERAL_NULL_CONVERSION = YES;
				CLANG_WARN_OBJC_IMPLICIT_RETAIN_SELF = YES;
				CLANG_WARN_OBJC_LITERAL_CONVERSION = YES;
				CLANG_WARN_OBJC_ROOT_CLASS = YES_ERROR;
				CLANG_WARN_QUOTED_INCLUDE_IN_FRAMEWORK_HEADER = YES;
				CLANG_WARN_RANGE_LOOP_ANALYSIS = YES;
				CLANG_WARN_STRICT_PROTOTYPES = YES;
				CLANG_WARN_SUSPICIOUS_MOVE = YES;
				CLANG_WARN_UNGUARDED_AVAILABILITY = YES_AGGRESSIVE;
				CLANG_WARN_UNREACHABLE_CODE = YES;
				CLANG_WARN__DUPLICATE_METHOD_MATCH = YES;
				COPY_PHASE_STRIP = NO;
				DEBUG_INFORMATION_FORMAT = "dwarf-with-dsym";
				ENABLE_NS_ASSERTIONS = NO;
				ENABLE_STRICT_OBJC_MSGSEND = YES;
				ENABLE_USER_SCRIPT_SANDBOXING = YES;
				GCC_C_LANGUAGE_STANDARD = gnu17;
				GCC_NO_COMMON_BLOCKS = YES;
				GCC_WARN_64_TO_32_BIT_CONVERSION = YES;
				GCC_WARN_ABOUT_RETURN_TYPE = YES_ERROR;
				GCC_WARN_UNDECLARED_SELECTOR = YES;
				GCC_WARN_UNINITIALIZED_AUTOS = YES_AGGRESSIVE;
				GCC_WARN_UNUSED_FUNCTION = YES;
				GCC_WARN_UNUSED_VARIABLE = YES;
				IPHONEOS_DEPLOYMENT_TARGET = 17.4;
				LOCALIZATION_PREFERS_STRING_CATALOGS = YES;
				MTL_ENABLE_DEBUG_INFO = NO;
				MTL_FAST_MATH = YES;
				SDKROOT = iphoneos;
				SWIFT_COMPILATION_MODE = wholemodule;
				VALIDATE_PRODUCT = YES;
			};
			name = Release;
		};
		5A5F12E82BC04E09002B197F /* Debug */ = {
			isa = XCBuildConfiguration;
			buildSettings = {
				ASSETCATALOG_COMPILER_APPICON_NAME = AppIcon;
				ASSETCATALOG_COMPILER_GLOBAL_ACCENT_COLOR_NAME = AccentColor;
				CODE_SIGN_STYLE = Automatic;
				CURRENT_PROJECT_VERSION = 1;
				DEVELOPMENT_ASSET_PATHS = "\"PetPix/Preview Content\"";
				ENABLE_PREVIEWS = YES;
				GENERATE_INFOPLIST_FILE = YES;
				INFOPLIST_KEY_UIApplicationSceneManifest_Generation = YES;
				INFOPLIST_KEY_UIApplicationSupportsIndirectInputEvents = YES;
				INFOPLIST_KEY_UILaunchScreen_Generation = YES;
				INFOPLIST_KEY_UISupportedInterfaceOrientations_iPad = "UIInterfaceOrientationPortrait UIInterfaceOrientationPortraitUpsideDown UIInterfaceOrientationLandscapeLeft UIInterfaceOrientationLandscapeRight";
				INFOPLIST_KEY_UISupportedInterfaceOrientations_iPhone = "UIInterfaceOrientationPortrait UIInterfaceOrientationLandscapeLeft UIInterfaceOrientationLandscapeRight";
				IPHONEOS_DEPLOYMENT_TARGET = 17.4;
				LD_RUNPATH_SEARCH_PATHS = (
					"$(inherited)",
					"@executable_path/Frameworks",
				);
				MARKETING_VERSION = 1.0;
				PRODUCT_BUNDLE_IDENTIFIER = COP4655.PetPix;
				PRODUCT_NAME = "$(TARGET_NAME)";
				SWIFT_EMIT_LOC_STRINGS = YES;
				SWIFT_VERSION = 5.0;
				TARGETED_DEVICE_FAMILY = "1,2";
			};
			name = Debug;
		};
		5A5F12E92BC04E09002B197F /* Release */ = {
			isa = XCBuildConfiguration;
			buildSettings = {
				ASSETCATALOG_COMPILER_APPICON_NAME = AppIcon;
				ASSETCATALOG_COMPILER_GLOBAL_ACCENT_COLOR_NAME = AccentColor;
				CODE_SIGN_STYLE = Automatic;
				CURRENT_PROJECT_VERSION = 1;
				DEVELOPMENT_ASSET_PATHS = "\"PetPix/Preview Content\"";
				ENABLE_PREVIEWS = YES;
				GENERATE_INFOPLIST_FILE = YES;
				INFOPLIST_KEY_UIApplicationSceneManifest_Generation = YES;
				INFOPLIST_KEY_UIApplicationSupportsIndirectInputEvents = YES;
				INFOPLIST_KEY_UILaunchScreen_Generation = YES;
				INFOPLIST_KEY_UISupportedInterfaceOrientations_iPad = "UIInterfaceOrientationPortrait UIInterfaceOrientationPortraitUpsideDown UIInterfaceOrientationLandscapeLeft UIInterfaceOrientationLandscapeRight";
				INFOPLIST_KEY_UISupportedInterfaceOrientations_iPhone = "UIInterfaceOrientationPortrait UIInterfaceOrientationLandscapeLeft UIInterfaceOrientationLandscapeRight";
				IPHONEOS_DEPLOYMENT_TARGET = 17.4;
				LD_RUNPATH_SEARCH_PATHS = (
					"$(inherited)",
					"@executable_path/Frameworks",
				);
				MARKETING_VERSION = 1.0;
				PRODUCT_BUNDLE_IDENTIFIER = COP4655.PetPix;
				PRODUCT_NAME = "$(TARGET_NAME)";
				SWIFT_EMIT_LOC_STRINGS = YES;
				SWIFT_VERSION = 5.0;
				TARGETED_DEVICE_FAMILY = "1,2";
			};
			name = Release;
		};
/* End XCBuildConfiguration section */

/* Begin XCConfigurationList section */
		5A5F12D42BC04E07002B197F /* Build configuration list for PBXProject "PetPix" */ = {
			isa = XCConfigurationList;
			buildConfigurations = (
				5A5F12E52BC04E09002B197F /* Debug */,
				5A5F12E62BC04E09002B197F /* Release */,
			);
			defaultConfigurationIsVisible = 0;
			defaultConfigurationName = Release;
		};
		5A5F12E72BC04E09002B197F /* Build configuration list for PBXNativeTarget "PetPix" */ = {
			isa = XCConfigurationList;
			buildConfigurations = (
				5A5F12E82BC04E09002B197F /* Debug */,
				5A5F12E92BC04E09002B197F /* Release */,
			);
			defaultConfigurationIsVisible = 0;
			defaultConfigurationName = Release;
		};
/* End XCConfigurationList section */

/* Begin XCRemoteSwiftPackageReference section */
		C4361EF62BC1AE86008FFB0D /* XCRemoteSwiftPackageReference "Parse-Swift" */ = {
			isa = XCRemoteSwiftPackageReference;
			repositoryURL = "https://github.com/parse-community/Parse-Swift";
			requirement = {
				kind = upToNextMajorVersion;
				minimumVersion = 4.14.2;
			};
		};
		C4361EFE2BC1B81A008FFB0D /* XCRemoteSwiftPackageReference "Alamofire" */ = {
			isa = XCRemoteSwiftPackageReference;
			repositoryURL = "https://github.com/Alamofire/Alamofire";
			requirement = {
				kind = upToNextMajorVersion;
				minimumVersion = 5.9.1;
			};
		};
		C4361F062BC1BCDF008FFB0D /* XCRemoteSwiftPackageReference "AlamofireImage" */ = {
			isa = XCRemoteSwiftPackageReference;
			repositoryURL = "https://github.com/Alamofire/AlamofireImage";
			requirement = {
				kind = upToNextMajorVersion;
				minimumVersion = 4.3.0;
			};
		};
/* End XCRemoteSwiftPackageReference section */

/* Begin XCSwiftPackageProductDependency section */
		C4361EF72BC1AE86008FFB0D /* ParseSwift */ = {
			isa = XCSwiftPackageProductDependency;
			package = C4361EF62BC1AE86008FFB0D /* XCRemoteSwiftPackageReference "Parse-Swift" */;
			productName = ParseSwift;
		};
		C4361EFF2BC1B81A008FFB0D /* Alamofire */ = {
			isa = XCSwiftPackageProductDependency;
			package = C4361EFE2BC1B81A008FFB0D /* XCRemoteSwiftPackageReference "Alamofire" */;
			productName = Alamofire;
		};
		C4361F012BC1B81A008FFB0D /* AlamofireDynamic */ = {
			isa = XCSwiftPackageProductDependency;
			package = C4361EFE2BC1B81A008FFB0D /* XCRemoteSwiftPackageReference "Alamofire" */;
			productName = AlamofireDynamic;
		};
		C4361F072BC1BCDF008FFB0D /* AlamofireImage */ = {
			isa = XCSwiftPackageProductDependency;
			package = C4361F062BC1BCDF008FFB0D /* XCRemoteSwiftPackageReference "AlamofireImage" */;
			productName = AlamofireImage;
		};
/* End XCSwiftPackageProductDependency section */
	};
	rootObject = 5A5F12D12BC04E07002B197F /* Project object */;
}
